// !$*UTF8*$!
{
	archiveVersion = 1;
	classes = {
	};
	objectVersion = 50;
	objects = {

/* Begin PBXBuildFile section */
		6F198CC9246F4AC800780ED1 /* FilmCell.swift in Sources */ = {isa = PBXBuildFile; fileRef = 6F198CC8246F4AC800780ED1 /* FilmCell.swift */; };
		6FE4D19924451EDC0029D6EB /* AppDelegate.swift in Sources */ = {isa = PBXBuildFile; fileRef = 6FE4D19824451EDC0029D6EB /* AppDelegate.swift */; };
		6FE4D19B24451EDC0029D6EB /* SceneDelegate.swift in Sources */ = {isa = PBXBuildFile; fileRef = 6FE4D19A24451EDC0029D6EB /* SceneDelegate.swift */; };
		6FE4D19D24451EDC0029D6EB /* ViewController.swift in Sources */ = {isa = PBXBuildFile; fileRef = 6FE4D19C24451EDC0029D6EB /* ViewController.swift */; };
		6FE4D1A024451EDC0029D6EB /* Main.storyboard in Resources */ = {isa = PBXBuildFile; fileRef = 6FE4D19E24451EDC0029D6EB /* Main.storyboard */; };
		6FE4D1A224451EE00029D6EB /* Assets.xcassets in Resources */ = {isa = PBXBuildFile; fileRef = 6FE4D1A124451EE00029D6EB /* Assets.xcassets */; };
		6FE4D1A524451EE00029D6EB /* LaunchScreen.storyboard in Resources */ = {isa = PBXBuildFile; fileRef = 6FE4D1A324451EE00029D6EB /* LaunchScreen.storyboard */; };
		6FE4D1AD24451F760029D6EB /* locations.json in Resources */ = {isa = PBXBuildFile; fileRef = 6FE4D1AC24451F760029D6EB /* locations.json */; };
		6FE4D1AF244526F20029D6EB /* FilmEntry.swift in Sources */ = {isa = PBXBuildFile; fileRef = 6FE4D1AE244526F20029D6EB /* FilmEntry.swift */; };
/* End PBXBuildFile section */

/* Begin PBXFileReference section */
		6F198CC8246F4AC800780ED1 /* FilmCell.swift */ = {isa = PBXFileReference; lastKnownFileType = sourcecode.swift; path = FilmCell.swift; sourceTree = "<group>"; };
		6FE4D19524451EDC0029D6EB /* FilmLocations.app */ = {isa = PBXFileReference; explicitFileType = wrapper.application; includeInIndex = 0; path = FilmLocations.app; sourceTree = BUILT_PRODUCTS_DIR; };
		6FE4D19824451EDC0029D6EB /* AppDelegate.swift */ = {isa = PBXFileReference; lastKnownFileType = sourcecode.swift; path = AppDelegate.swift; sourceTree = "<group>"; };
		6FE4D19A24451EDC0029D6EB /* SceneDelegate.swift */ = {isa = PBXFileReference; lastKnownFileType = sourcecode.swift; path = SceneDelegate.swift; sourceTree = "<group>"; };
		6FE4D19C24451EDC0029D6EB /* ViewController.swift */ = {isa = PBXFileReference; lastKnownFileType = sourcecode.swift; path = ViewController.swift; sourceTree = "<group>"; };
		6FE4D19F24451EDC0029D6EB /* Base */ = {isa = PBXFileReference; lastKnownFileType = file.storyboard; name = Base; path = Base.lproj/Main.storyboard; sourceTree = "<group>"; };
		6FE4D1A124451EE00029D6EB /* Assets.xcassets */ = {isa = PBXFileReference; lastKnownFileType = folder.assetcatalog; path = Assets.xcassets; sourceTree = "<group>"; };
		6FE4D1A424451EE00029D6EB /* Base */ = {isa = PBXFileReference; lastKnownFileType = file.storyboard; name = Base; path = Base.lproj/LaunchScreen.storyboard; sourceTree = "<group>"; };
		6FE4D1A624451EE00029D6EB /* Info.plist */ = {isa = PBXFileReference; lastKnownFileType = text.plist.xml; path = Info.plist; sourceTree = "<group>"; };
		6FE4D1AC24451F760029D6EB /* locations.json */ = {isa = PBXFileReference; fileEncoding = 4; lastKnownFileType = text.json; path = locations.json; sourceTree = "<group>"; };
		6FE4D1AE244526F20029D6EB /* FilmEntry.swift */ = {isa = PBXFileReference; lastKnownFileType = sourcecode.swift; path = FilmEntry.swift; sourceTree = "<group>"; };
/* End PBXFileReference section */

/* Begin PBXFrameworksBuildPhase section */
		6FE4D19224451EDC0029D6EB /* Frameworks */ = {
			isa = PBXFrameworksBuildPhase;
			buildActionMask = 2147483647;
			files = (
			);
			runOnlyForDeploymentPostprocessing = 0;
		};
/* End PBXFrameworksBuildPhase section */

/* Begin PBXGroup section */
		6FE4D18C24451EDC0029D6EB = {
			isa = PBXGroup;
			children = (
				6FE4D19724451EDC0029D6EB /* FilmLocations */,
				6FE4D19624451EDC0029D6EB /* Products */,
			);
			sourceTree = "<group>";
		};
		6FE4D19624451EDC0029D6EB /* Products */ = {
			isa = PBXGroup;
			children = (
				6FE4D19524451EDC0029D6EB /* FilmLocations.app */,
			);
			name = Products;
			sourceTree = "<group>";
		};
		6FE4D19724451EDC0029D6EB /* FilmLocations */ = {
			isa = PBXGroup;
			children = (
				6FE4D19824451EDC0029D6EB /* AppDelegate.swift */,
				6FE4D19A24451EDC0029D6EB /* SceneDelegate.swift */,
				6FE4D19C24451EDC0029D6EB /* ViewController.swift */,
				6FE4D19E24451EDC0029D6EB /* Main.storyboard */,
				6FE4D1A124451EE00029D6EB /* Assets.xcassets */,
				6FE4D1A324451EE00029D6EB /* LaunchScreen.storyboard */,
				6FE4D1A624451EE00029D6EB /* Info.plist */,
				6FE4D1AC24451F760029D6EB /* locations.json */,
				6FE4D1AE244526F20029D6EB /* FilmEntry.swift */,
				6F198CC8246F4AC800780ED1 /* FilmCell.swift */,
			);
			path = FilmLocations;
			sourceTree = "<group>";
		};
/* End PBXGroup section */

/* Begin PBXNativeTarget section */
		6FE4D19424451EDC0029D6EB /* FilmLocations */ = {
			isa = PBXNativeTarget;
			buildConfigurationList = 6FE4D1A924451EE00029D6EB /* Build configuration list for PBXNativeTarget "FilmLocations" */;
			buildPhases = (
				6FE4D19124451EDC0029D6EB /* Sources */,
				6FE4D19224451EDC0029D6EB /* Frameworks */,
				6FE4D19324451EDC0029D6EB /* Resources */,
			);
			buildRules = (
			);
			dependencies = (
			);
			name = FilmLocations;
			productName = FilmLocations;
			productReference = 6FE4D19524451EDC0029D6EB /* FilmLocations.app */;
			productType = "com.apple.product-type.application";
		};
/* End PBXNativeTarget section */

/* Begin PBXProject section */
		6FE4D18D24451EDC0029D6EB /* Project object */ = {
			isa = PBXProject;
			attributes = {
				LastSwiftUpdateCheck = 1140;
				LastUpgradeCheck = 1140;
				ORGANIZATIONNAME = Mondale;
				TargetAttributes = {
					6FE4D19424451EDC0029D6EB = {
						CreatedOnToolsVersion = 11.4;
					};
				};
			};
			buildConfigurationList = 6FE4D19024451EDC0029D6EB /* Build configuration list for PBXProject "FilmLocations" */;
			compatibilityVersion = "Xcode 9.3";
			developmentRegion = en;
			hasScannedForEncodings = 0;
			knownRegions = (
				en,
				Base,
			);
			mainGroup = 6FE4D18C24451EDC0029D6EB;
			productRefGroup = 6FE4D19624451EDC0029D6EB /* Products */;
			projectDirPath = "";
			projectRoot = "";
			targets = (
				6FE4D19424451EDC0029D6EB /* FilmLocations */,
			);
		};
/* End PBXProject section */

/* Begin PBXResourcesBuildPhase section */
		6FE4D19324451EDC0029D6EB /* Resources */ = {
			isa = PBXResourcesBuildPhase;
			buildActionMask = 2147483647;
			files = (
				6FE4D1A524451EE00029D6EB /* LaunchScreen.storyboard in Resources */,
				6FE4D1A224451EE00029D6EB /* Assets.xcassets in Resources */,
				6FE4D1AD24451F760029D6EB /* locations.json in Resources */,
				6FE4D1A024451EDC0029D6EB /* Main.storyboard in Resources */,
			);
			runOnlyForDeploymentPostprocessing = 0;
		};
/* End PBXResourcesBuildPhase section */

/* Begin PBXSourcesBuildPhase section */
		6FE4D19124451EDC0029D6EB /* Sources */ = {
			isa = PBXSourcesBuildPhase;
			buildActionMask = 2147483647;
			files = (
				6FE4D1AF244526F20029D6EB /* FilmEntry.swift in Sources */,
				6FE4D19D24451EDC0029D6EB /* ViewController.swift in Sources */,
				6FE4D19924451EDC0029D6EB /* AppDelegate.swift in Sources */,
				6FE4D19B24451EDC0029D6EB /* SceneDelegate.swift in Sources */,
				6F198CC9246F4AC800780ED1 /* FilmCell.swift in Sources */,
			);
			runOnlyForDeploymentPostprocessing = 0;
		};
/* End PBXSourcesBuildPhase section */

/* Begin PBXVariantGroup section */
		6FE4D19E24451EDC0029D6EB /* Main.storyboard */ = {
			isa = PBXVariantGroup;
			children = (
				6FE4D19F24451EDC0029D6EB /* Base */,
			);
			name = Main.storyboard;
			sourceTree = "<group>";
		};
		6FE4D1A324451EE00029D6EB /* LaunchScreen.storyboard */ = {
			isa = PBXVariantGroup;
			children = (
				6FE4D1A424451EE00029D6EB /* Base */,
			);
			name = LaunchScreen.storyboard;
			sourceTree = "<group>";
		};
/* End PBXVariantGroup section */

/* Begin XCBuildConfiguration section */
		6FE4D1A724451EE00029D6EB /* Debug */ = {
			isa = XCBuildConfiguration;
			buildSettings = {
				ALWAYS_SEARCH_USER_PATHS = NO;
				CLANG_ANALYZER_NONNULL = YES;
				CLANG_ANALYZER_NUMBER_OBJECT_CONVERSION = YES_AGGRESSIVE;
				CLANG_CXX_LANGUAGE_STANDARD = "gnu++14";
				CLANG_CXX_LIBRARY = "libc++";
				CLANG_ENABLE_MODULES = YES;
				CLANG_ENABLE_OBJC_ARC = YES;
				CLANG_ENABLE_OBJC_WEAK = YES;
				CLANG_WARN_BLOCK_CAPTURE_AUTORELEASING = YES;
				CLANG_WARN_BOOL_CONVERSION = YES;
				CLANG_WARN_COMMA = YES;
				CLANG_WARN_CONSTANT_CONVERSION = YES;
				CLANG_WARN_DEPRECATED_OBJC_IMPLEMENTATIONS = YES;
				CLANG_WARN_DIRECT_OBJC_ISA_USAGE = YES_ERROR;
				CLANG_WARN_DOCUMENTATION_COMMENTS = YES;
				CLANG_WARN_EMPTY_BODY = YES;
				CLANG_WARN_ENUM_CONVERSION = YES;
				CLANG_WARN_INFINITE_RECURSION = YES;
				CLANG_WARN_INT_CONVERSION = YES;
				CLANG_WARN_NON_LITERAL_NULL_CONVERSION = YES;
				CLANG_WARN_OBJC_IMPLICIT_RETAIN_SELF = YES;
				CLANG_WARN_OBJC_LITERAL_CONVERSION = YES;
				CLANG_WARN_OBJC_ROOT_CLASS = YES_ERROR;
				CLANG_WARN_RANGE_LOOP_ANALYSIS = YES;
				CLANG_WARN_STRICT_PROTOTYPES = YES;
				CLANG_WARN_SUSPICIOUS_MOVE = YES;
				CLANG_WARN_UNGUARDED_AVAILABILITY = YES_AGGRESSIVE;
				CLANG_WARN_UNREACHABLE_CODE = YES;
				CLANG_WARN__DUPLICATE_METHOD_MATCH = YES;
				COPY_PHASE_STRIP = NO;
				DEBUG_INFORMATION_FORMAT = dwarf;
				ENABLE_STRICT_OBJC_MSGSEND = YES;
				ENABLE_TESTABILITY = YES;
				GCC_C_LANGUAGE_STANDARD = gnu11;
				GCC_DYNAMIC_NO_PIC = NO;
				GCC_NO_COMMON_BLOCKS = YES;
				GCC_OPTIMIZATION_LEVEL = 0;
				GCC_PREPROCESSOR_DEFINITIONS = (
					"DEBUG=1",
					"$(inherited)",
				);
				GCC_WARN_64_TO_32_BIT_CONVERSION = YES;
				GCC_WARN_ABOUT_RETURN_TYPE = YES_ERROR;
				GCC_WARN_UNDECLARED_SELECTOR = YES;
				GCC_WARN_UNINITIALIZED_AUTOS = YES_AGGRESSIVE;
				GCC_WARN_UNUSED_FUNCTION = YES;
				GCC_WARN_UNUSED_VARIABLE = YES;
				IPHONEOS_DEPLOYMENT_TARGET = 13.4;
				MTL_ENABLE_DEBUG_INFO = INCLUDE_SOURCE;
				MTL_FAST_MATH = YES;
				ONLY_ACTIVE_ARCH = YES;
				SDKROOT = iphoneos;
				SWIFT_ACTIVE_COMPILATION_CONDITIONS = DEBUG;
				SWIFT_OPTIMIZATION_LEVEL = "-Onone";
			};
			name = Debug;
		};
		6FE4D1A824451EE00029D6EB /* Release */ = {
			isa = XCBuildConfiguration;
			buildSettings = {
				ALWAYS_SEARCH_USER_PATHS = NO;
				CLANG_ANALYZER_NONNULL = YES;
				CLANG_ANALYZER_NUMBER_OBJECT_CONVERSION = YES_AGGRESSIVE;
				CLANG_CXX_LANGUAGE_STANDARD = "gnu++14";
				CLANG_CXX_LIBRARY = "libc++";
				CLANG_ENABLE_MODULES = YES;
				CLANG_ENABLE_OBJC_ARC = YES;
				CLANG_ENABLE_OBJC_WEAK = YES;
				CLANG_WARN_BLOCK_CAPTURE_AUTORELEASING = YES;
				CLANG_WARN_BOOL_CONVERSION = YES;
				CLANG_WARN_COMMA = YES;
				CLANG_WARN_CONSTANT_CONVERSION = YES;
				CLANG_WARN_DEPRECATED_OBJC_IMPLEMENTATIONS = YES;
				CLANG_WARN_DIRECT_OBJC_ISA_USAGE = YES_ERROR;
				CLANG_WARN_DOCUMENTATION_COMMENTS = YES;
				CLANG_WARN_EMPTY_BODY = YES;
				CLANG_WARN_ENUM_CONVERSION = YES;
				CLANG_WARN_INFINITE_RECURSION = YES;
				CLANG_WARN_INT_CONVERSION = YES;
				CLANG_WARN_NON_LITERAL_NULL_CONVERSION = YES;
				CLANG_WARN_OBJC_IMPLICIT_RETAIN_SELF = YES;
				CLANG_WARN_OBJC_LITERAL_CONVERSION = YES;
				CLANG_WARN_OBJC_ROOT_CLASS = YES_ERROR;
				CLANG_WARN_RANGE_LOOP_ANALYSIS = YES;
				CLANG_WARN_STRICT_PROTOTYPES = YES;
				CLANG_WARN_SUSPICIOUS_MOVE = YES;
				CLANG_WARN_UNGUARDED_AVAILABILITY = YES_AGGRESSIVE;
				CLANG_WARN_UNREACHABLE_CODE = YES;
				CLANG_WARN__DUPLICATE_METHOD_MATCH = YES;
				COPY_PHASE_STRIP = NO;
				DEBUG_INFORMATION_FORMAT = "dwarf-with-dsym";
				ENABLE_NS_ASSERTIONS = NO;
				ENABLE_STRICT_OBJC_MSGSEND = YES;
				GCC_C_LANGUAGE_STANDARD = gnu11;
				GCC_NO_COMMON_BLOCKS = YES;
				GCC_WARN_64_TO_32_BIT_CONVERSION = YES;
				GCC_WARN_ABOUT_RETURN_TYPE = YES_ERROR;
				GCC_WARN_UNDECLARED_SELECTOR = YES;
				GCC_WARN_UNINITIALIZED_AUTOS = YES_AGGRESSIVE;
				GCC_WARN_UNUSED_FUNCTION = YES;
				GCC_WARN_UNUSED_VARIABLE = YES;
				IPHONEOS_DEPLOYMENT_TARGET = 13.4;
				MTL_ENABLE_DEBUG_INFO = NO;
				MTL_FAST_MATH = YES;
				SDKROOT = iphoneos;
				SWIFT_COMPILATION_MODE = wholemodule;
				SWIFT_OPTIMIZATION_LEVEL = "-O";
				VALIDATE_PRODUCT = YES;
			};
			name = Release;
		};
		6FE4D1AA24451EE00029D6EB /* Debug */ = {
			isa = XCBuildConfiguration;
			buildSettings = {
				ASSETCATALOG_COMPILER_APPICON_NAME = AppIcon;
				CODE_SIGN_STYLE = Automatic;
				INFOPLIST_FILE = FilmLocations/Info.plist;
				LD_RUNPATH_SEARCH_PATHS = (
					"$(inherited)",
					"@executable_path/Frameworks",
				);
				PRODUCT_BUNDLE_IDENTIFIER = com.FilmLocations;
				PRODUCT_NAME = "$(TARGET_NAME)";
				SWIFT_VERSION = 5.0;
				TARGETED_DEVICE_FAMILY = "1,2";
			};
			name = Debug;
		};
		6FE4D1AB24451EE00029D6EB /* Release */ = {
			isa = XCBuildConfiguration;
			buildSettings = {
				ASSETCATALOG_COMPILER_APPICON_NAME = AppIcon;
				CODE_SIGN_STYLE = Automatic;
				INFOPLIST_FILE = FilmLocations/Info.plist;
				LD_RUNPATH_SEARCH_PATHS = (
					"$(inherited)",
					"@executable_path/Frameworks",
				);
				PRODUCT_BUNDLE_IDENTIFIER = com.FilmLocations;
				PRODUCT_NAME = "$(TARGET_NAME)";
				SWIFT_VERSION = 5.0;
				TARGETED_DEVICE_FAMILY = "1,2";
			};
			name = Release;
		};
/* End XCBuildConfiguration section */

/* Begin XCConfigurationList section */
		6FE4D19024451EDC0029D6EB /* Build configuration list for PBXProject "FilmLocations" */ = {
			isa = XCConfigurationList;
			buildConfigurations = (
				6FE4D1A724451EE00029D6EB /* Debug */,
				6FE4D1A824451EE00029D6EB /* Release */,
			);
			defaultConfigurationIsVisible = 0;
			defaultConfigurationName = Release;
		};
		6FE4D1A924451EE00029D6EB /* Build configuration list for PBXNativeTarget "FilmLocations" */ = {
			isa = XCConfigurationList;
			buildConfigurations = (
				6FE4D1AA24451EE00029D6EB /* Debug */,
				6FE4D1AB24451EE00029D6EB /* Release */,
			);
			defaultConfigurationIsVisible = 0;
			defaultConfigurationName = Release;
		};
/* End XCConfigurationList section */
	};
	rootObject = 6FE4D18D24451EDC0029D6EB /* Project object */;
}
